
Microsoft Visual Studio Solution File, Format Version 12.00
# Visual Studio Version 16
VisualStudioVersion = 16.0.32602.291
MinimumVisualStudioVersion = 10.0.40219.1
Project("{FAE04EC0-301F-11D3-BF4B-00C04F79EFBC}") = "CursoDeIntroduccionMVC", "CursoDeIntroduccionMVC.csproj", "{C06CFFAE-0731-48F1-9CFC-49ED3FC50A6F}"
EndProject
Global
	GlobalSection(SolutionConfigurationPlatforms) = preSolution
		Debug|Any CPU = Debug|Any CPU
		Release|Any CPU = Release|Any CPU
	EndGlobalSection
	GlobalSection(ProjectConfigurationPlatforms) = postSolution
		{C06CFFAE-0731-48F1-9CFC-49ED3FC50A6F}.Debug|Any CPU.ActiveCfg = Debug|Any CPU
		{C06CFFAE-0731-48F1-9CFC-49ED3FC50A6F}.Debug|Any CPU.Build.0 = Debug|Any CPU
		{C06CFFAE-0731-48F1-9CFC-49ED3FC50A6F}.Release|Any CPU.ActiveCfg = Release|Any CPU
		{C06CFFAE-0731-48F1-9CFC-49ED3FC50A6F}.Release|Any CPU.Build.0 = Release|Any CPU
	EndGlobalSection
	GlobalSection(SolutionProperties) = preSolution
		HideSolutionNode = FALSE
	EndGlobalSection
	GlobalSection(ExtensibilityGlobals) = postSolution
		SolutionGuid = {DD1A8BBA-9646-48AB-A8FC-6BE4900AE55F}
	EndGlobalSection
EndGlobal
